// !$*UTF8*$!
{
	archiveVersion = 1;
	classes = {
	};
	objectVersion = 50;
	objects = {

/* Begin PBXBuildFile section */
		48C7E11828EFB0235250487C /* Pods_CocoaPodsUsing.framework in Frameworks */ = {isa = PBXBuildFile; fileRef = A51CEF6C1DF5A3FC4CB4D842 /* Pods_CocoaPodsUsing.framework */; };
		9BFD63C4255DC1280085A9B5 /* AppDelegate.swift in Sources */ = {isa = PBXBuildFile; fileRef = 9BFD63C3255DC1280085A9B5 /* AppDelegate.swift */; };
		9BFD63C6255DC1280085A9B5 /* SceneDelegate.swift in Sources */ = {isa = PBXBuildFile; fileRef = 9BFD63C5255DC1280085A9B5 /* SceneDelegate.swift */; };
		9BFD63C8255DC1280085A9B5 /* ContentView.swift in Sources */ = {isa = PBXBuildFile; fileRef = 9BFD63C7255DC1280085A9B5 /* ContentView.swift */; };
		9BFD63CA255DC1290085A9B5 /* Assets.xcassets in Resources */ = {isa = PBXBuildFile; fileRef = 9BFD63C9255DC1290085A9B5 /* Assets.xcassets */; };
		9BFD63CD255DC1290085A9B5 /* Preview Assets.xcassets in Resources */ = {isa = PBXBuildFile; fileRef = 9BFD63CC255DC1290085A9B5 /* Preview Assets.xcassets */; };
		9BFD63D0255DC1290085A9B5 /* LaunchScreen.storyboard in Resources */ = {isa = PBXBuildFile; fileRef = 9BFD63CE255DC1290085A9B5 /* LaunchScreen.storyboard */; };
/* End PBXBuildFile section */

/* Begin PBXFileReference section */
		1A015E8AB498027DFC775FBD /* Pods-CocoaPodsUsing.release.xcconfig */ = {isa = PBXFileReference; includeInIndex = 1; lastKnownFileType = text.xcconfig; name = "Pods-CocoaPodsUsing.release.xcconfig"; path = "Target Support Files/Pods-CocoaPodsUsing/Pods-CocoaPodsUsing.release.xcconfig"; sourceTree = "<group>"; };
		241DE4854627A83CF5D8FEAA /* Pods-CocoaPodsUsing.debug.xcconfig */ = {isa = PBXFileReference; includeInIndex = 1; lastKnownFileType = text.xcconfig; name = "Pods-CocoaPodsUsing.debug.xcconfig"; path = "Target Support Files/Pods-CocoaPodsUsing/Pods-CocoaPodsUsing.debug.xcconfig"; sourceTree = "<group>"; };
		9BFD63C0255DC1280085A9B5 /* CocoaPodsUsing.app */ = {isa = PBXFileReference; explicitFileType = wrapper.application; includeInIndex = 0; path = CocoaPodsUsing.app; sourceTree = BUILT_PRODUCTS_DIR; };
		9BFD63C3255DC1280085A9B5 /* AppDelegate.swift */ = {isa = PBXFileReference; lastKnownFileType = sourcecode.swift; path = AppDelegate.swift; sourceTree = "<group>"; };
		9BFD63C5255DC1280085A9B5 /* SceneDelegate.swift */ = {isa = PBXFileReference; lastKnownFileType = sourcecode.swift; path = SceneDelegate.swift; sourceTree = "<group>"; };
		9BFD63C7255DC1280085A9B5 /* ContentView.swift */ = {isa = PBXFileReference; lastKnownFileType = sourcecode.swift; path = ContentView.swift; sourceTree = "<group>"; };
		9BFD63C9255DC1290085A9B5 /* Assets.xcassets */ = {isa = PBXFileReference; lastKnownFileType = folder.assetcatalog; path = Assets.xcassets; sourceTree = "<group>"; };
		9BFD63CC255DC1290085A9B5 /* Preview Assets.xcassets */ = {isa = PBXFileReference; lastKnownFileType = folder.assetcatalog; path = "Preview Assets.xcassets"; sourceTree = "<group>"; };
		9BFD63CF255DC1290085A9B5 /* Base */ = {isa = PBXFileReference; lastKnownFileType = file.storyboard; name = Base; path = Base.lproj/LaunchScreen.storyboard; sourceTree = "<group>"; };
		9BFD63D1255DC1290085A9B5 /* Info.plist */ = {isa = PBXFileReference; lastKnownFileType = text.plist.xml; path = Info.plist; sourceTree = "<group>"; };
		A51CEF6C1DF5A3FC4CB4D842 /* Pods_CocoaPodsUsing.framework */ = {isa = PBXFileReference; explicitFileType = wrapper.framework; includeInIndex = 0; path = Pods_CocoaPodsUsing.framework; sourceTree = BUILT_PRODUCTS_DIR; };
/* End PBXFileReference section */

/* Begin PBXFrameworksBuildPhase section */
		9BFD63BD255DC1280085A9B5 /* Frameworks */ = {
			isa = PBXFrameworksBuildPhase;
			buildActionMask = 2147483647;
			files = (
				48C7E11828EFB0235250487C /* Pods_CocoaPodsUsing.framework in Frameworks */,
			);
			runOnlyForDeploymentPostprocessing = 0;
		};
/* End PBXFrameworksBuildPhase section */

/* Begin PBXGroup section */
		340DF954B59CFCC146AB9EFC /* Pods */ = {
			isa = PBXGroup;
			children = (
				241DE4854627A83CF5D8FEAA /* Pods-CocoaPodsUsing.debug.xcconfig */,
				1A015E8AB498027DFC775FBD /* Pods-CocoaPodsUsing.release.xcconfig */,
			);
			name = Pods;
			path = Pods;
			sourceTree = "<group>";
		};
		9BFD63B7255DC1280085A9B5 = {
			isa = PBXGroup;
			children = (
				9BFD63C2255DC1280085A9B5 /* CocoaPodsUsing */,
				9BFD63C1255DC1280085A9B5 /* Products */,
				340DF954B59CFCC146AB9EFC /* Pods */,
				FBA28BF78CF278C57C9F6F88 /* Frameworks */,
			);
			sourceTree = "<group>";
		};
		9BFD63C1255DC1280085A9B5 /* Products */ = {
			isa = PBXGroup;
			children = (
				9BFD63C0255DC1280085A9B5 /* CocoaPodsUsing.app */,
			);
			name = Products;
			sourceTree = "<group>";
		};
		9BFD63C2255DC1280085A9B5 /* CocoaPodsUsing */ = {
			isa = PBXGroup;
			children = (
				9BFD63C3255DC1280085A9B5 /* AppDelegate.swift */,
				9BFD63C5255DC1280085A9B5 /* SceneDelegate.swift */,
				9BFD63C7255DC1280085A9B5 /* ContentView.swift */,
				9BFD63C9255DC1290085A9B5 /* Assets.xcassets */,
				9BFD63CE255DC1290085A9B5 /* LaunchScreen.storyboard */,
				9BFD63D1255DC1290085A9B5 /* Info.plist */,
				9BFD63CB255DC1290085A9B5 /* Preview Content */,
			);
			path = CocoaPodsUsing;
			sourceTree = "<group>";
		};
		9BFD63CB255DC1290085A9B5 /* Preview Content */ = {
			isa = PBXGroup;
			children = (
				9BFD63CC255DC1290085A9B5 /* Preview Assets.xcassets */,
			);
			path = "Preview Content";
			sourceTree = "<group>";
		};
		FBA28BF78CF278C57C9F6F88 /* Frameworks */ = {
			isa = PBXGroup;
			children = (
				A51CEF6C1DF5A3FC4CB4D842 /* Pods_CocoaPodsUsing.framework */,
			);
			name = Frameworks;
			sourceTree = "<group>";
		};
/* End PBXGroup section */

/* Begin PBXNativeTarget section */
		9BFD63BF255DC1280085A9B5 /* CocoaPodsUsing */ = {
			isa = PBXNativeTarget;
			buildConfigurationList = 9BFD63D4255DC1290085A9B5 /* Build configuration list for PBXNativeTarget "CocoaPodsUsing" */;
			buildPhases = (
				D6FB69249406A3ADEF54CB09 /* [CP] Check Pods Manifest.lock */,
				9BFD63BC255DC1280085A9B5 /* Sources */,
				9BFD63BD255DC1280085A9B5 /* Frameworks */,
				9BFD63BE255DC1280085A9B5 /* Resources */,
				4B874AC2C5A50F2A80ED0A6C /* [CP] Embed Pods Frameworks */,
			);
			buildRules = (
			);
			dependencies = (
			);
			name = CocoaPodsUsing;
			productName = CocoaPodsUsing;
			productReference = 9BFD63C0255DC1280085A9B5 /* CocoaPodsUsing.app */;
			productType = "com.apple.product-type.application";
		};
/* End PBXNativeTarget section */

/* Begin PBXProject section */
		9BFD63B8255DC1280085A9B5 /* Project object */ = {
			isa = PBXProject;
			attributes = {
				LastSwiftUpdateCheck = 1220;
				LastUpgradeCheck = 1220;
				TargetAttributes = {
					9BFD63BF255DC1280085A9B5 = {
						CreatedOnToolsVersion = 12.2;
					};
				};
			};
			buildConfigurationList = 9BFD63BB255DC1280085A9B5 /* Build configuration list for PBXProject "CocoaPodsUsing" */;
			compatibilityVersion = "Xcode 9.3";
			developmentRegion = en;
			hasScannedForEncodings = 0;
			knownRegions = (
				en,
				Base,
			);
			mainGroup = 9BFD63B7255DC1280085A9B5;
			productRefGroup = 9BFD63C1255DC1280085A9B5 /* Products */;
			projectDirPath = "";
			projectRoot = "";
			targets = (
				9BFD63BF255DC1280085A9B5 /* CocoaPodsUsing */,
			);
		};
/* End PBXProject section */

/* Begin PBXResourcesBuildPhase section */
		9BFD63BE255DC1280085A9B5 /* Resources */ = {
			isa = PBXResourcesBuildPhase;
			buildActionMask = 2147483647;
			files = (
				9BFD63D0255DC1290085A9B5 /* LaunchScreen.storyboard in Resources */,
				9BFD63CD255DC1290085A9B5 /* Preview Assets.xcassets in Resources */,
				9BFD63CA255DC1290085A9B5 /* Assets.xcassets in Resources */,
			);
			runOnlyForDeploymentPostprocessing = 0;
		};
/* End PBXResourcesBuildPhase section */

/* Begin PBXShellScriptBuildPhase section */
		4B874AC2C5A50F2A80ED0A6C /* [CP] Embed Pods Frameworks */ = {
			isa = PBXShellScriptBuildPhase;
			buildActionMask = 2147483647;
			files = (
			);
			inputFileListPaths = (
				"${PODS_ROOT}/Target Support Files/Pods-CocoaPodsUsing/Pods-CocoaPodsUsing-frameworks-${CONFIGURATION}-input-files.xcfilelist",
			);
			name = "[CP] Embed Pods Frameworks";
			outputFileListPaths = (
				"${PODS_ROOT}/Target Support Files/Pods-CocoaPodsUsing/Pods-CocoaPodsUsing-frameworks-${CONFIGURATION}-output-files.xcfilelist",
			);
			runOnlyForDeploymentPostprocessing = 0;
			shellPath = /bin/sh;
			shellScript = "\"${PODS_ROOT}/Target Support Files/Pods-CocoaPodsUsing/Pods-CocoaPodsUsing-frameworks.sh\"\n";
			showEnvVarsInLog = 0;
		};
		D6FB69249406A3ADEF54CB09 /* [CP] Check Pods Manifest.lock */ = {
			isa = PBXShellScriptBuildPhase;
			buildActionMask = 2147483647;
			files = (
			);
			inputFileListPaths = (
			);
			inputPaths = (
				"${PODS_PODFILE_DIR_PATH}/Podfile.lock",
				"${PODS_ROOT}/Manifest.lock",
			);
			name = "[CP] Check Pods Manifest.lock";
			outputFileListPaths = (
			);
			outputPaths = (
				"$(DERIVED_FILE_DIR)/Pods-CocoaPodsUsing-checkManifestLockResult.txt",
			);
			runOnlyForDeploymentPostprocessing = 0;
			shellPath = /bin/sh;
			shellScript = "diff \"${PODS_PODFILE_DIR_PATH}/Podfile.lock\" \"${PODS_ROOT}/Manifest.lock\" > /dev/null\nif [ $? != 0 ] ; then\n    # print error to STDERR\n    echo \"error: The sandbox is not in sync with the Podfile.lock. Run 'pod install' or update your CocoaPods installation.\" >&2\n    exit 1\nfi\n# This output is used by Xcode 'outputs' to avoid re-running this script phase.\necho \"SUCCESS\" > \"${SCRIPT_OUTPUT_FILE_0}\"\n";
			showEnvVarsInLog = 0;
		};
/* End PBXShellScriptBuildPhase section */

/* Begin PBXSourcesBuildPhase section */
		9BFD63BC255DC1280085A9B5 /* Sources */ = {
			isa = PBXSourcesBuildPhase;
			buildActionMask = 2147483647;
			files = (
				9BFD63C4255DC1280085A9B5 /* AppDelegate.swift in Sources */,
				9BFD63C6255DC1280085A9B5 /* SceneDelegate.swift in Sources */,
				9BFD63C8255DC1280085A9B5 /* ContentView.swift in Sources */,
			);
			runOnlyForDeploymentPostprocessing = 0;
		};
/* End PBXSourcesBuildPhase section */

/* Begin PBXVariantGroup section */
		9BFD63CE255DC1290085A9B5 /* LaunchScreen.storyboard */ = {
			isa = PBXVariantGroup;
			children = (
				9BFD63CF255DC1290085A9B5 /* Base */,
			);
			name = LaunchScreen.storyboard;
			sourceTree = "<group>";
		};
/* End PBXVariantGroup section */

/* Begin XCBuildConfiguration section */
		9BFD63D2255DC1290085A9B5 /* Debug */ = {
			isa = XCBuildConfiguration;
			buildSettings = {
				ALWAYS_SEARCH_USER_PATHS = NO;
				CLANG_ANALYZER_NONNULL = YES;
				CLANG_ANALYZER_NUMBER_OBJECT_CONVERSION = YES_AGGRESSIVE;
				CLANG_CXX_LANGUAGE_STANDARD = "gnu++14";
				CLANG_CXX_LIBRARY = "libc++";
				CLANG_ENABLE_MODULES = YES;
				CLANG_ENABLE_OBJC_ARC = YES;
				CLANG_ENABLE_OBJC_WEAK = YES;
				CLANG_WARN_BLOCK_CAPTURE_AUTORELEASING = YES;
				CLANG_WARN_BOOL_CONVERSION = YES;
				CLANG_WARN_COMMA = YES;
				CLANG_WARN_CONSTANT_CONVERSION = YES;
				CLANG_WARN_DEPRECATED_OBJC_IMPLEMENTATIONS = YES;
				CLANG_WARN_DIRECT_OBJC_ISA_USAGE = YES_ERROR;
				CLANG_WARN_DOCUMENTATION_COMMENTS = YES;
				CLANG_WARN_EMPTY_BODY = YES;
				CLANG_WARN_ENUM_CONVERSION = YES;
				CLANG_WARN_INFINITE_RECURSION = YES;
				CLANG_WARN_INT_CONVERSION = YES;
				CLANG_WARN_NON_LITERAL_NULL_CONVERSION = YES;
				CLANG_WARN_OBJC_IMPLICIT_RETAIN_SELF = YES;
				CLANG_WARN_OBJC_LITERAL_CONVERSION = YES;
				CLANG_WARN_OBJC_ROOT_CLASS = YES_ERROR;
				CLANG_WARN_QUOTED_INCLUDE_IN_FRAMEWORK_HEADER = YES;
				CLANG_WARN_RANGE_LOOP_ANALYSIS = YES;
				CLANG_WARN_STRICT_PROTOTYPES = YES;
				CLANG_WARN_SUSPICIOUS_MOVE = YES;
				CLANG_WARN_UNGUARDED_AVAILABILITY = YES_AGGRESSIVE;
				CLANG_WARN_UNREACHABLE_CODE = YES;
				CLANG_WARN__DUPLICATE_METHOD_MATCH = YES;
				COPY_PHASE_STRIP = NO;
				DEBUG_INFORMATION_FORMAT = dwarf;
				ENABLE_STRICT_OBJC_MSGSEND = YES;
				ENABLE_TESTABILITY = YES;
				GCC_C_LANGUAGE_STANDARD = gnu11;
				GCC_DYNAMIC_NO_PIC = NO;
				GCC_NO_COMMON_BLOCKS = YES;
				GCC_OPTIMIZATION_LEVEL = 0;
				GCC_PREPROCESSOR_DEFINITIONS = (
					"DEBUG=1",
					"$(inherited)",
				);
				GCC_WARN_64_TO_32_BIT_CONVERSION = YES;
				GCC_WARN_ABOUT_RETURN_TYPE = YES_ERROR;
				GCC_WARN_UNDECLARED_SELECTOR = YES;
				GCC_WARN_UNINITIALIZED_AUTOS = YES_AGGRESSIVE;
				GCC_WARN_UNUSED_FUNCTION = YES;
				GCC_WARN_UNUSED_VARIABLE = YES;
				IPHONEOS_DEPLOYMENT_TARGET = 14.2;
				MTL_ENABLE_DEBUG_INFO = INCLUDE_SOURCE;
				MTL_FAST_MATH = YES;
				ONLY_ACTIVE_ARCH = YES;
				SDKROOT = iphoneos;
				SWIFT_ACTIVE_COMPILATION_CONDITIONS = DEBUG;
				SWIFT_OPTIMIZATION_LEVEL = "-Onone";
			};
			name = Debug;
		};
		9BFD63D3255DC1290085A9B5 /* Release */ = {
			isa = XCBuildConfiguration;
			buildSettings = {
				ALWAYS_SEARCH_USER_PATHS = NO;
				CLANG_ANALYZER_NONNULL = YES;
				CLANG_ANALYZER_NUMBER_OBJECT_CONVERSION = YES_AGGRESSIVE;
				CLANG_CXX_LANGUAGE_STANDARD = "gnu++14";
				CLANG_CXX_LIBRARY = "libc++";
				CLANG_ENABLE_MODULES = YES;
				CLANG_ENABLE_OBJC_ARC = YES;
				CLANG_ENABLE_OBJC_WEAK = YES;
				CLANG_WARN_BLOCK_CAPTURE_AUTORELEASING = YES;
				CLANG_WARN_BOOL_CONVERSION = YES;
				CLANG_WARN_COMMA = YES;
				CLANG_WARN_CONSTANT_CONVERSION = YES;
				CLANG_WARN_DEPRECATED_OBJC_IMPLEMENTATIONS = YES;
				CLANG_WARN_DIRECT_OBJC_ISA_USAGE = YES_ERROR;
				CLANG_WARN_DOCUMENTATION_COMMENTS = YES;
				CLANG_WARN_EMPTY_BODY = YES;
				CLANG_WARN_ENUM_CONVERSION = YES;
				CLANG_WARN_INFINITE_RECURSION = YES;
				CLANG_WARN_INT_CONVERSION = YES;
				CLANG_WARN_NON_LITERAL_NULL_CONVERSION = YES;
				CLANG_WARN_OBJC_IMPLICIT_RETAIN_SELF = YES;
				CLANG_WARN_OBJC_LITERAL_CONVERSION = YES;
				CLANG_WARN_OBJC_ROOT_CLASS = YES_ERROR;
				CLANG_WARN_QUOTED_INCLUDE_IN_FRAMEWORK_HEADER = YES;
				CLANG_WARN_RANGE_LOOP_ANALYSIS = YES;
				CLANG_WARN_STRICT_PROTOTYPES = YES;
				CLANG_WARN_SUSPICIOUS_MOVE = YES;
				CLANG_WARN_UNGUARDED_AVAILABILITY = YES_AGGRESSIVE;
				CLANG_WARN_UNREACHABLE_CODE = YES;
				CLANG_WARN__DUPLICATE_METHOD_MATCH = YES;
				COPY_PHASE_STRIP = NO;
				DEBUG_INFORMATION_FORMAT = "dwarf-with-dsym";
				ENABLE_NS_ASSERTIONS = NO;
				ENABLE_STRICT_OBJC_MSGSEND = YES;
				GCC_C_LANGUAGE_STANDARD = gnu11;
				GCC_NO_COMMON_BLOCKS = YES;
				GCC_WARN_64_TO_32_BIT_CONVERSION = YES;
				GCC_WARN_ABOUT_RETURN_TYPE = YES_ERROR;
				GCC_WARN_UNDECLARED_SELECTOR = YES;
				GCC_WARN_UNINITIALIZED_AUTOS = YES_AGGRESSIVE;
				GCC_WARN_UNUSED_FUNCTION = YES;
				GCC_WARN_UNUSED_VARIABLE = YES;
				IPHONEOS_DEPLOYMENT_TARGET = 14.2;
				MTL_ENABLE_DEBUG_INFO = NO;
				MTL_FAST_MATH = YES;
				SDKROOT = iphoneos;
				SWIFT_COMPILATION_MODE = wholemodule;
				SWIFT_OPTIMIZATION_LEVEL = "-O";
				VALIDATE_PRODUCT = YES;
			};
			name = Release;
		};
		9BFD63D5255DC1290085A9B5 /* Debug */ = {
			isa = XCBuildConfiguration;
			baseConfigurationReference = 241DE4854627A83CF5D8FEAA /* Pods-CocoaPodsUsing.debug.xcconfig */;
			buildSettings = {
				ASSETCATALOG_COMPILER_APPICON_NAME = AppIcon;
				ASSETCATALOG_COMPILER_GLOBAL_ACCENT_COLOR_NAME = AccentColor;
				CODE_SIGN_STYLE = Automatic;
				DEVELOPMENT_ASSET_PATHS = "\"CocoaPodsUsing/Preview Content\"";
				ENABLE_PREVIEWS = YES;
				INFOPLIST_FILE = CocoaPodsUsing/Info.plist;
				LD_RUNPATH_SEARCH_PATHS = (
					"$(inherited)",
					"@executable_path/Frameworks",
				);
				PRODUCT_BUNDLE_IDENTIFIER = com.forexample.CocoaPodsUsing;
				PRODUCT_NAME = "$(TARGET_NAME)";
				SWIFT_VERSION = 5.0;
				TARGETED_DEVICE_FAMILY = "1,2";
			};
			name = Debug;
		};
		9BFD63D6255DC1290085A9B5 /* Release */ = {
			isa = XCBuildConfiguration;
			baseConfigurationReference = 1A015E8AB498027DFC775FBD /* Pods-CocoaPodsUsing.release.xcconfig */;
			buildSettings = {
				ASSETCATALOG_COMPILER_APPICON_NAME = AppIcon;
				ASSETCATALOG_COMPILER_GLOBAL_ACCENT_COLOR_NAME = AccentColor;
				CODE_SIGN_STYLE = Automatic;
				DEVELOPMENT_ASSET_PATHS = "\"CocoaPodsUsing/Preview Content\"";
				ENABLE_PREVIEWS = YES;
				INFOPLIST_FILE = CocoaPodsUsing/Info.plist;
				LD_RUNPATH_SEARCH_PATHS = (
					"$(inherited)",
					"@executable_path/Frameworks",
				);
				PRODUCT_BUNDLE_IDENTIFIER = com.forexample.CocoaPodsUsing;
				PRODUCT_NAME = "$(TARGET_NAME)";
				SWIFT_VERSION = 5.0;
				TARGETED_DEVICE_FAMILY = "1,2";
			};
			name = Release;
		};
/* End XCBuildConfiguration section */

/* Begin XCConfigurationList section */
		9BFD63BB255DC1280085A9B5 /* Build configuration list for PBXProject "CocoaPodsUsing" */ = {
			isa = XCConfigurationList;
			buildConfigurations = (
				9BFD63D2255DC1290085A9B5 /* Debug */,
				9BFD63D3255DC1290085A9B5 /* Release */,
			);
			defaultConfigurationIsVisible = 0;
			defaultConfigurationName = Release;
		};
		9BFD63D4255DC1290085A9B5 /* Build configuration list for PBXNativeTarget "CocoaPodsUsing" */ = {
			isa = XCConfigurationList;
			buildConfigurations = (
				9BFD63D5255DC1290085A9B5 /* Debug */,
				9BFD63D6255DC1290085A9B5 /* Release */,
			);
			defaultConfigurationIsVisible = 0;
			defaultConfigurationName = Release;
		};
/* End XCConfigurationList section */
	};
	rootObject = 9BFD63B8255DC1280085A9B5 /* Project object */;
}
